
Microsoft Visual Studio Solution File, Format Version 12.00
# Visual Studio 15
VisualStudioVersion = 15.0.27428.2043
MinimumVisualStudioVersion = 10.0.40219.1
Project("{9A19103F-16F7-4668-BE54-9A1E7A4F7556}") = "MSSqlSecureBroker", "MSSqlSecureBroker\MSSqlSecureBroker.csproj", "{D5996002-52FA-4C42-A449-EE9288CD1767}"
EndProject
Global
	GlobalSection(SolutionConfigurationPlatforms) = preSolution
		Debug|Any CPU = Debug|Any CPU
		Release|Any CPU = Release|Any CPU
	EndGlobalSection
	GlobalSection(ProjectConfigurationPlatforms) = postSolution
		{D5996002-52FA-4C42-A449-EE9288CD1767}.Debug|Any CPU.ActiveCfg = Debug|Any CPU
		{D5996002-52FA-4C42-A449-EE9288CD1767}.Debug|Any CPU.Build.0 = Debug|Any CPU
		{D5996002-52FA-4C42-A449-EE9288CD1767}.Release|Any CPU.ActiveCfg = Release|Any CPU
		{D5996002-52FA-4C42-A449-EE9288CD1767}.Release|Any CPU.Build.0 = Release|Any CPU
	EndGlobalSection
	GlobalSection(SolutionProperties) = preSolution
		HideSolutionNode = FALSE
	EndGlobalSection
	GlobalSection(ExtensibilityGlobals) = postSolution
		SolutionGuid = {8B087291-5A14-42CE-9619-9855BFB22D03}
	EndGlobalSection
EndGlobal
